<?xml version="1.0" encoding="utf-8"?>
<Project ToolsVersion="4.0" xmlns="http://schemas.microsoft.com/developer/msbuild/2003">
  <ItemGroup>
    <Filter Include="Source Files">
      <UniqueIdentifier>{4FC737F1-C7A5-4376-A066-2A32D752A2FF}</UniqueIdentifier>
      <Extensions>cpp;c;cc;cxx;c++;cppm;ixx;def;odl;idl;hpj;bat;asm;asmx</Extensions>
    </Filter>
    <Filter Include="Header Files">
      <UniqueIdentifier>{93995380-89BD-4b04-88EB-625FBE52EBFB}</UniqueIdentifier>
      <Extensions>h;hh;hpp;hxx;h++;hm;inl;inc;ipp;xsd</Extensions>
    </Filter>
    <Filter Include="Resource Files">
      <UniqueIdentifier>{67DA6AB6-F800-4c08-8B7A-83BB121AAD01}</UniqueIdentifier>
      <Extensions>rc;ico;cur;bmp;dlg;rc2;rct;bin;rgs;gif;jpg;jpeg;jpe;resx;tiff;tif;png;wav;mfcribbon-ms</Extensions>
    </Filter>
    <Filter Include="Header Files\Level">
      <UniqueIdentifier>{161ca6d6-32ec-40df-8c2e-82919e9aa02b}</UniqueIdentifier>
    </Filter>
    <Filter Include="Header Files\Sprites">
      <UniqueIdentifier>{8febd7a2-afa1-4977-b125-82e35e1df52a}</UniqueIdentifier>
    </Filter>
    <Filter Include="Header Files\Qbert">
      <UniqueIdentifier>{87ddb145-219b-4e30-a78e-a958f67c0908}</UniqueIdentifier>
    </Filter>
    <Filter Include="Header Files\States">
      <UniqueIdentifier>{184118a5-cb57-452e-ac44-6833f93105fd}</UniqueIdentifier>
    </Filter>
    <Filter Include="Header Files\Enemies">
      <UniqueIdentifier>{52764a78-b753-47d8-9f8a-ba34fd6fdb79}</UniqueIdentifier>
    </Filter>
    <Filter Include="Header Files\Enemies\Coily">
      <UniqueIdentifier>{32a86a15-4973-4687-ad7c-9feaedcb1704}</UniqueIdentifier>
    </Filter>
    <Filter Include="Header Files\Enemies\Coily\States">
      <UniqueIdentifier>{2659cfda-57b9-46af-a406-133debb37825}</UniqueIdentifier>
    </Filter>
    <Filter Include="Header Files\Movement">
      <UniqueIdentifier>{5fb84e98-4aa6-440a-8f63-673adb840be3}</UniqueIdentifier>
    </Filter>
  </ItemGroup>
  <ItemGroup>
    <ClCompile Include="Main.cpp">
      <Filter>Source Files</Filter>
    </ClCompile>
    <ClCompile Include="FPSComponent.cpp">
      <Filter>Source Files</Filter>
    </ClCompile>
    <ClCompile Include="HealthComponent.cpp">
      <Filter>Source Files</Filter>
    </ClCompile>
    <ClCompile Include="KillCommand.cpp">
      <Filter>Source Files</Filter>
    </ClCompile>
    <ClCompile Include="LivesDisplayObserver.cpp">
      <Filter>Source Files</Filter>
    </ClCompile>
    <ClCompile Include="MoveCommand.cpp">
      <Filter>Source Files</Filter>
    </ClCompile>
    <ClCompile Include="ScoreCommand.cpp">
      <Filter>Source Files</Filter>
    </ClCompile>
    <ClCompile Include="ScoreComponent.cpp">
      <Filter>Source Files</Filter>
    </ClCompile>
    <ClCompile Include="ScoreDisplayObserver.cpp">
      <Filter>Source Files</Filter>
    </ClCompile>
    <ClCompile Include="TestSoundCommand.cpp">
      <Filter>Source Files</Filter>
    </ClCompile>
    <ClCompile Include="DiscManager.cpp">
      <Filter>Source Files</Filter>
    </ClCompile>
    <ClCompile Include="DeadState.cpp">
      <Filter>Header Files\States</Filter>
    </ClCompile>
    <ClCompile Include="FlyingState.cpp">
      <Filter>Header Files\States</Filter>
    </ClCompile>
    <ClCompile Include="IdleState.cpp">
      <Filter>Header Files\States</Filter>
    </ClCompile>
    <ClCompile Include="JumpingState.cpp">
      <Filter>Header Files\States</Filter>
    </ClCompile>
    <ClCompile Include="AnimationComponent.cpp">
      <Filter>Header Files\Sprites</Filter>
    </ClCompile>
    <ClCompile Include="ColorRule.cpp">
      <Filter>Header Files\Level</Filter>
    </ClCompile>
    <ClCompile Include="Level.cpp">
      <Filter>Header Files\Level</Filter>
    </ClCompile>
    <ClCompile Include="LevelComponent.cpp">
      <Filter>Header Files\Level</Filter>
    </ClCompile>
    <ClCompile Include="Tile.cpp">
      <Filter>Header Files\Level</Filter>
    </ClCompile>
    <ClCompile Include="QBertPlayer.cpp">
      <Filter>Header Files\Qbert</Filter>
    </ClCompile>
    <ClCompile Include="EggState.cpp">
      <Filter>Header Files\Enemies\Coily\States</Filter>
    </ClCompile>
    <ClCompile Include="SnakeState.cpp">
      <Filter>Header Files\Enemies\Coily\States</Filter>
    </ClCompile>
    <ClCompile Include="EnemyPrefabs.cpp">
      <Filter>Header Files\Enemies</Filter>
    </ClCompile>
    <ClCompile Include="JumpMovement.cpp">
      <Filter>Header Files\Movement</Filter>
    </ClCompile>
    <ClCompile Include="Enemy.cpp">
      <Filter>Header Files\Enemies</Filter>
    </ClCompile>
    <ClCompile Include="Coily.cpp">
      <Filter>Header Files\Enemies\Coily</Filter>
    </ClCompile>
    <ClCompile Include="FallMovement.cpp">
      <Filter>Header Files\Movement</Filter>
    </ClCompile>
    <ClCompile Include="SpawningState.cpp">
      <Filter>Header Files\Enemies\Coily\States</Filter>
    </ClCompile>
    <ClCompile Include="DyingCoilyState.cpp">
      <Filter>Header Files\Enemies\Coily\States</Filter>
    </ClCompile>
  </ItemGroup>
  <ItemGroup>
    <ClInclude Include="CharacterFactory.h">
      <Filter>Header Files</Filter>
    </ClInclude>
    <ClInclude Include="FPSComponent.h">
      <Filter>Header Files</Filter>
    </ClInclude>
    <ClInclude Include="HealthComponent.h">
      <Filter>Header Files</Filter>
    </ClInclude>
    <ClInclude Include="KillCommand.h">
      <Filter>Header Files</Filter>
    </ClInclude>
    <ClInclude Include="LivesDisplayObserver.h">
      <Filter>Header Files</Filter>
    </ClInclude>
    <ClInclude Include="MoveCommand.h">
      <Filter>Header Files</Filter>
    </ClInclude>
    <ClInclude Include="ScoreCommand.h">
      <Filter>Header Files</Filter>
    </ClInclude>
    <ClInclude Include="ScoreComponent.h">
      <Filter>Header Files</Filter>
    </ClInclude>
    <ClInclude Include="ScoreDisplayObserver.h">
      <Filter>Header Files</Filter>
    </ClInclude>
    <ClInclude Include="GameObjectBuilder.h">
      <Filter>Header Files</Filter>
    </ClInclude>
    <ClInclude Include="UIFactory.h">
      <Filter>Header Files</Filter>
    </ClInclude>
    <ClInclude Include="TestSoundCommand.h">
      <Filter>Header Files</Filter>
    </ClInclude>
    <ClInclude Include="Tile.h">
      <Filter>Header Files\Level</Filter>
    </ClInclude>
    <ClInclude Include="ColorRule.h">
      <Filter>Header Files\Level</Filter>
    </ClInclude>
    <ClInclude Include="Level.h">
      <Filter>Header Files\Level</Filter>
    </ClInclude>
    <ClInclude Include="AnimationComponent.h">
      <Filter>Header Files\Sprites</Filter>
    </ClInclude>
    <ClInclude Include="LevelComponent.h">
      <Filter>Header Files\Level</Filter>
    </ClInclude>
    <ClInclude Include="QBertPlayer.h">
      <Filter>Header Files\Qbert</Filter>
    </ClInclude>
    <ClInclude Include="utils.h">
      <Filter>Header Files</Filter>
    </ClInclude>
    <ClInclude Include="QBertState.h">
      <Filter>Header Files\States</Filter>
    </ClInclude>
    <ClInclude Include="IdleState.h">
      <Filter>Header Files\States</Filter>
    </ClInclude>
    <ClInclude Include="JumpingState.h">
      <Filter>Header Files\States</Filter>
    </ClInclude>
    <ClInclude Include="DeadState.h">
      <Filter>Header Files\States</Filter>
    </ClInclude>
    <ClInclude Include="FlyingState.h">
      <Filter>Header Files\States</Filter>
    </ClInclude>
    <ClInclude Include="DiscManager.h">
      <Filter>Header Files</Filter>
    </ClInclude>
    <ClInclude Include="EnemyType.h">
      <Filter>Header Files\Enemies</Filter>
    </ClInclude>
    <ClInclude Include="Directions.h">
      <Filter>Header Files</Filter>
    </ClInclude>
    <ClInclude Include="CoilyState.h">
      <Filter>Header Files\Enemies\Coily\States</Filter>
    </ClInclude>
    <ClInclude Include="EggState.h">
      <Filter>Header Files\Enemies\Coily\States</Filter>
    </ClInclude>
    <ClInclude Include="Enemy.h">
      <Filter>Header Files\Enemies</Filter>
    </ClInclude>
    <ClInclude Include="Coily.h">
      <Filter>Header Files\Enemies\Coily</Filter>
    </ClInclude>
    <ClInclude Include="EnemyPrefabs.h">
      <Filter>Header Files\Enemies</Filter>
    </ClInclude>
    <ClInclude Include="JumpMovement.h">
      <Filter>Header Files\Movement</Filter>
    </ClInclude>
    <ClInclude Include="SnakeState.h">
      <Filter>Header Files\Enemies\Coily\States</Filter>
    </ClInclude>
    <ClInclude Include="IMovementBehaviour.h">
      <Filter>Header Files\Movement</Filter>
    </ClInclude>
    <ClInclude Include="FallMovement.h">
      <Filter>Header Files\Movement</Filter>
    </ClInclude>
    <ClInclude Include="SpawningState.h">
      <Filter>Header Files\Enemies\Coily\States</Filter>
    </ClInclude>
    <ClInclude Include="GridBasedMovement.h">
      <Filter>Header Files\Movement</Filter>
    </ClInclude>
    <ClInclude Include="DyingCoilyState.h">
      <Filter>Header Files\Enemies\Coily\States</Filter>
    </ClInclude>
  </ItemGroup>
</Project>